
Microsoft Visual Studio Solution File, Format Version 12.00
# Visual Studio Version 16
VisualStudioVersion = 16.0.31112.23
MinimumVisualStudioVersion = 10.0.40219.1
Project("{FAE04EC0-301F-11D3-BF4B-00C04F79EFBC}") = "CTMMVCApp", "CTMMVCApp\CTMMVCApp.csproj", "{EE1C2F72-95B8-4FA1-923C-5CE7382580C2}"
EndProject
Global
	GlobalSection(SolutionConfigurationPlatforms) = preSolution
		Debug|Any CPU = Debug|Any CPU
		Release|Any CPU = Release|Any CPU
	EndGlobalSection
	GlobalSection(ProjectConfigurationPlatforms) = postSolution
		{EE1C2F72-95B8-4FA1-923C-5CE7382580C2}.Debug|Any CPU.ActiveCfg = Debug|Any CPU
		{EE1C2F72-95B8-4FA1-923C-5CE7382580C2}.Debug|Any CPU.Build.0 = Debug|Any CPU
		{EE1C2F72-95B8-4FA1-923C-5CE7382580C2}.Release|Any CPU.ActiveCfg = Release|Any CPU
		{EE1C2F72-95B8-4FA1-923C-5CE7382580C2}.Release|Any CPU.Build.0 = Release|Any CPU
	EndGlobalSection
	GlobalSection(SolutionProperties) = preSolution
		HideSolutionNode = FALSE
	EndGlobalSection
	GlobalSection(ExtensibilityGlobals) = postSolution
		SolutionGuid = {1D04AC1F-D888-4A78-8F2A-B249A95F4097}
	EndGlobalSection
EndGlobal
